
Microsoft Visual Studio Solution File, Format Version 12.00
# Visual Studio Version 17
VisualStudioVersion = 17.13.35919.96 d17.13
MinimumVisualStudioVersion = 10.0.40219.1
Project("{888888A0-9F3D-457C-B088-3A5042F75D52}") = "Port Scanner", "Port Scanner.pyproj", "{55E91D19-EB0B-46D2-8DED-67F71772525D}"
EndProject
Global
	GlobalSection(SolutionConfigurationPlatforms) = preSolution
		Debug|Any CPU = Debug|Any CPU
		Release|Any CPU = Release|Any CPU
	EndGlobalSection
	GlobalSection(ProjectConfigurationPlatforms) = postSolution
		{55E91D19-EB0B-46D2-8DED-67F71772525D}.Debug|Any CPU.ActiveCfg = Debug|Any CPU
		{55E91D19-EB0B-46D2-8DED-67F71772525D}.Release|Any CPU.ActiveCfg = Release|Any CPU
	EndGlobalSection
	GlobalSection(SolutionProperties) = preSolution
		HideSolutionNode = FALSE
	EndGlobalSection
	GlobalSection(ExtensibilityGlobals) = postSolution
		SolutionGuid = {A414C176-E919-4D44-901F-CFD252BD89FB}
	EndGlobalSection
EndGlobal
